
Microsoft Visual Studio Solution File, Format Version 12.00
# Visual Studio 2013
VisualStudioVersion = 12.0.21005.1
MinimumVisualStudioVersion = 10.0.40219.1
Project("{FAE04EC0-301F-11D3-BF4B-00C04F79EFBC}") = "Pmc", "Pmc\Pmc.csproj", "{5536F2DC-FD3E-4DA9-9A34-66C7C7E8AD2C}"
EndProject
Project("{FAE04EC0-301F-11D3-BF4B-00C04F79EFBC}") = "Pmc.Core", "Pmc.Core\Pmc.Core.csproj", "{5C8FB74D-399B-4CB7-9EC5-DF3A3AE3C5C3}"
EndProject
Project("{FAE04EC0-301F-11D3-BF4B-00C04F79EFBC}") = "Pmc.Tests", "Pmc.Tests\Pmc.Tests.csproj", "{D9A13E36-1EC0-474F-B3EB-9B6C67D816E2}"
EndProject
Global
	GlobalSection(SolutionConfigurationPlatforms) = preSolution
		Debug|Any CPU = Debug|Any CPU
		Release|Any CPU = Release|Any CPU
	EndGlobalSection
	GlobalSection(ProjectConfigurationPlatforms) = postSolution
		{5536F2DC-FD3E-4DA9-9A34-66C7C7E8AD2C}.Debug|Any CPU.ActiveCfg = Debug|Any CPU
		{5536F2DC-FD3E-4DA9-9A34-66C7C7E8AD2C}.Debug|Any CPU.Build.0 = Debug|Any CPU
		{5536F2DC-FD3E-4DA9-9A34-66C7C7E8AD2C}.Release|Any CPU.ActiveCfg = Release|Any CPU
		{5536F2DC-FD3E-4DA9-9A34-66C7C7E8AD2C}.Release|Any CPU.Build.0 = Release|Any CPU
		{5C8FB74D-399B-4CB7-9EC5-DF3A3AE3C5C3}.Debug|Any CPU.ActiveCfg = Debug|Any CPU
		{5C8FB74D-399B-4CB7-9EC5-DF3A3AE3C5C3}.Debug|Any CPU.Build.0 = Debug|Any CPU
		{5C8FB74D-399B-4CB7-9EC5-DF3A3AE3C5C3}.Release|Any CPU.ActiveCfg = Release|Any CPU
		{5C8FB74D-399B-4CB7-9EC5-DF3A3AE3C5C3}.Release|Any CPU.Build.0 = Release|Any CPU
		{D9A13E36-1EC0-474F-B3EB-9B6C67D816E2}.Debug|Any CPU.ActiveCfg = Debug|Any CPU
		{D9A13E36-1EC0-474F-B3EB-9B6C67D816E2}.Debug|Any CPU.Build.0 = Debug|Any CPU
		{D9A13E36-1EC0-474F-B3EB-9B6C67D816E2}.Release|Any CPU.ActiveCfg = Release|Any CPU
		{D9A13E36-1EC0-474F-B3EB-9B6C67D816E2}.Release|Any CPU.Build.0 = Release|Any CPU
	EndGlobalSection
	GlobalSection(SolutionProperties) = preSolution
		HideSolutionNode = FALSE
	EndGlobalSection
EndGlobal
